
Microsoft Visual Studio Solution File, Format Version 12.00
# Visual Studio Version 17
VisualStudioVersion = 17.5.002.0
MinimumVisualStudioVersion = 10.0.40219.1
Project("{9A19103F-16F7-4668-BE54-9A1E7A4F7556}") = "mi-primer-programa", "mi-primer-programa.csproj", "{AD8E3918-294F-4418-86E6-FAC143691661}"
EndProject
Global
	GlobalSection(SolutionConfigurationPlatforms) = preSolution
		Debug|Any CPU = Debug|Any CPU
		Release|Any CPU = Release|Any CPU
	EndGlobalSection
	GlobalSection(ProjectConfigurationPlatforms) = postSolution
		{AD8E3918-294F-4418-86E6-FAC143691661}.Debug|Any CPU.ActiveCfg = Debug|Any CPU
		{AD8E3918-294F-4418-86E6-FAC143691661}.Debug|Any CPU.Build.0 = Debug|Any CPU
		{AD8E3918-294F-4418-86E6-FAC143691661}.Release|Any CPU.ActiveCfg = Release|Any CPU
		{AD8E3918-294F-4418-86E6-FAC143691661}.Release|Any CPU.Build.0 = Release|Any CPU
	EndGlobalSection
	GlobalSection(SolutionProperties) = preSolution
		HideSolutionNode = FALSE
	EndGlobalSection
	GlobalSection(ExtensibilityGlobals) = postSolution
		SolutionGuid = {8DF93BD3-0D16-4AFE-99F5-1BA6C1A20686}
	EndGlobalSection
EndGlobal
